{
    "algo26-matthias/idna-convert": {
        "version": "v3.0.4"
    },
    "babdev/pagerfanta-bundle": {
        "version": "v2.4.3"
    },
    "composer/ca-bundle": {
        "version": "1.1.1"
    },
    "composer/pcre": {
        "version": "1.0.0"
    },
    "composer/semver": {
        "version": "1.4.2"
    },
    "composer/xdebug-handler": {
        "version": "1.1.0"
    },
    "doctrine/cache": {
        "version": "v1.7.1"
    },
    "doctrine/collections": {
        "version": "v1.5.0"
    },
    "doctrine/dbal": {
        "version": "v2.7.1"
    },
    "doctrine/deprecations": {
        "version": "v0.5.3"
    },
    "doctrine/doctrine-bundle": {
        "version": "2.13",
        "recipe": {
            "repo": "github.com/symfony/recipes",
            "branch": "main",
            "version": "2.13",
            "ref": "8d96c0b51591ffc26794d865ba3ee7d193438a83"
        },
        "files": [
            "config/packages/doctrine.yaml",
            "src/Entity/.gitignore",
            "src/Repository/.gitignore"
        ]
    },
    "doctrine/doctrine-migrations-bundle": {
        "version": "3.2",
        "recipe": {
            "repo": "github.com/symfony/recipes",
            "branch": "main",
            "version": "3.1",
            "ref": "1d01ec03c6ecbd67c3375c5478c9a423ae5d6a33"
        },
        "files": [
            "config/packages/doctrine_migrations.yaml",
            "migrations/.gitignore"
        ]
    },
    "doctrine/event-manager": {
        "version": "v1.0.0"
    },
    "doctrine/inflector": {
        "version": "v1.3.0"
    },
    "doctrine/instantiator": {
        "version": "1.1.0"
    },
    "doctrine/lexer": {
        "version": "v1.0.1"
    },
    "doctrine/migrations": {
        "version": "v1.6.2"
    },
    "doctrine/orm": {
        "version": "v2.6.1"
    },
    "doctrine/persistence": {
        "version": "v1.0.0"
    },
    "doctrine/sql-formatter": {
        "version": "1.0.1"
    },
    "easycorp/easyadmin-bundle": {
        "version": "4.7",
        "recipe": {
            "repo": "github.com/symfony/recipes",
            "branch": "main",
            "version": "3.0",
            "ref": "b131e6cbfe1b898a508987851963fff485986285"
        },
        "files": []
    },
    "egulias/email-validator": {
        "version": "2.1.4"
    },
    "evenement/evenement": {
        "version": "v2.1.0"
    },
    "foolz/sphinxql-query-builder": {
        "version": "2.0.0"
    },
    "friendsofphp/php-cs-fixer": {
        "version": "3.25",
        "recipe": {
            "repo": "github.com/symfony/recipes",
            "branch": "main",
            "version": "3.0",
            "ref": "be2103eb4a20942e28a6dd87736669b757132435"
        },
        "files": [
            ".php-cs-fixer.dist.php"
        ]
    },
    "friendsofsymfony/jsrouting-bundle": {
        "version": "3.3",
        "recipe": {
            "repo": "github.com/symfony/recipes-contrib",
            "branch": "main",
            "version": "2.3",
            "ref": "a9f2e49180f75cdc71ae279a929c4b2e0638de84"
        },
        "files": [
            "config/routes/fos_js_routing.yaml"
        ]
    },
    "gemorroj/archive7z": {
        "version": "4.0.0"
    },
    "gemorroj/cssvalidator": {
        "version": "1.1.0"
    },
    "gemorroj/ginfo": {
        "version": "5.0.5"
    },
    "gemorroj/htmlvalidator": {
        "version": "1.1.0"
    },
    "gemorroj/m3u-parser": {
        "version": "4.0.0"
    },
    "gemorroj/phpwhois": {
        "version": "dev-master"
    },
    "gemorroj/stop-spam": {
        "version": "2.0.0"
    },
    "gemorroj/syntax": {
        "version": "3.0.0"
    },
    "gemorroj/xbbcode": {
        "version": "2.2.0"
    },
    "geoip2/geoip2": {
        "version": "v2.9.0"
    },
    "geshi/geshi": {
        "version": "v1.0.9.0"
    },
    "gregwar/captcha": {
        "version": "v1.1.5"
    },
    "gregwar/captcha-bundle": {
        "version": "v2.0.4"
    },
    "imagine/imagine": {
        "version": "v0.7.1"
    },
    "jakeasmith/http_build_url": {
        "version": "1.0.1"
    },
    "james-heinrich/getid3": {
        "version": "1.9.x-dev"
    },
    "jms/metadata": {
        "version": "1.6.0"
    },
    "liip/imagine-bundle": {
        "version": "2.11",
        "recipe": {
            "repo": "github.com/symfony/recipes-contrib",
            "branch": "main",
            "version": "1.8",
            "ref": "d1227d002b70d1a1f941d91845fcd7ac7fbfc929"
        },
        "files": [
            "config/packages/liip_imagine.yaml",
            "config/routes/liip_imagine.yaml"
        ]
    },
    "masterminds/html5": {
        "version": "2.7.5"
    },
    "maxmind-db/reader": {
        "version": "v1.3.0"
    },
    "maxmind/web-service-common": {
        "version": "v0.5.0"
    },
    "monolog/monolog": {
        "version": "1.23.0"
    },
    "myclabs/deep-copy": {
        "version": "1.10.2"
    },
    "nikic/php-parser": {
        "version": "v3.1.5"
    },
    "pagerfanta/core": {
        "version": "v3.1.0"
    },
    "pagerfanta/doctrine-collections-adapter": {
        "version": "v3.1.0"
    },
    "pagerfanta/doctrine-orm-adapter": {
        "version": "v3.1.0"
    },
    "pagerfanta/twig": {
        "version": "v3.1.0"
    },
    "phar-io/manifest": {
        "version": "2.0.1"
    },
    "phar-io/version": {
        "version": "3.1.0"
    },
    "php-ffmpeg/php-ffmpeg": {
        "version": "v0.11.1-pl-1"
    },
    "phpdocumentor/reflection-common": {
        "version": "1.0.1"
    },
    "phpdocumentor/reflection-docblock": {
        "version": "4.3.0"
    },
    "phpdocumentor/type-resolver": {
        "version": "0.4.0"
    },
    "phpstan/phpdoc-parser": {
        "version": "1.5.1"
    },
    "phpstan/phpstan": {
        "version": "0.9.2"
    },
    "phpstan/phpstan-doctrine": {
        "version": "0.12.9"
    },
    "phpstan/phpstan-phpunit": {
        "version": "0.10"
    },
    "phpstan/phpstan-symfony": {
        "version": "0.10.1"
    },
    "phpunit/php-code-coverage": {
        "version": "9.2.6"
    },
    "phpunit/php-file-iterator": {
        "version": "3.0.5"
    },
    "phpunit/php-invoker": {
        "version": "3.1.1"
    },
    "phpunit/php-text-template": {
        "version": "2.0.4"
    },
    "phpunit/php-timer": {
        "version": "5.0.3"
    },
    "phpunit/phpunit": {
        "version": "9.6",
        "recipe": {
            "repo": "github.com/symfony/recipes",
            "branch": "main",
            "version": "9.6",
            "ref": "7364a21d87e658eb363c5020c072ecfdc12e2326"
        },
        "files": [
            ".env.test",
            "phpunit.xml.dist",
            "tests/bootstrap.php"
        ]
    },
    "psr/cache": {
        "version": "1.0.1"
    },
    "psr/container": {
        "version": "1.0.0"
    },
    "psr/event-dispatcher": {
        "version": "1.0.0"
    },
    "psr/link": {
        "version": "1.0.0"
    },
    "psr/log": {
        "version": "1.0.2"
    },
    "riverline/multipart-parser": {
        "version": "1.1.9"
    },
    "sebastian/cli-parser": {
        "version": "1.0.1"
    },
    "sebastian/code-unit": {
        "version": "1.0.8"
    },
    "sebastian/code-unit-reverse-lookup": {
        "version": "2.0.3"
    },
    "sebastian/comparator": {
        "version": "4.0.6"
    },
    "sebastian/complexity": {
        "version": "2.0.2"
    },
    "sebastian/diff": {
        "version": "4.0.4"
    },
    "sebastian/environment": {
        "version": "5.1.3"
    },
    "sebastian/exporter": {
        "version": "4.0.3"
    },
    "sebastian/global-state": {
        "version": "5.0.3"
    },
    "sebastian/lines-of-code": {
        "version": "1.0.3"
    },
    "sebastian/object-enumerator": {
        "version": "4.0.4"
    },
    "sebastian/object-reflector": {
        "version": "2.0.4"
    },
    "sebastian/recursion-context": {
        "version": "4.0.4"
    },
    "sebastian/resource-operations": {
        "version": "3.0.3"
    },
    "sebastian/type": {
        "version": "2.3.4"
    },
    "sebastian/version": {
        "version": "3.0.2"
    },
    "spatie/temporary-directory": {
        "version": "2.0.0"
    },
    "stdtabs/phptabs": {
        "version": "dev-master"
    },
    "symfony/asset": {
        "version": "v4.0.8"
    },
    "symfony/browser-kit": {
        "version": "v4.0.8"
    },
    "symfony/cache": {
        "version": "v4.0.8"
    },
    "symfony/cache-contracts": {
        "version": "v2.0.1"
    },
    "symfony/config": {
        "version": "v4.0.8"
    },
    "symfony/console": {
        "version": "7.2",
        "recipe": {
            "repo": "github.com/symfony/recipes",
            "branch": "main",
            "version": "5.3",
            "ref": "1781ff40d8a17d87cf53f8d4cf0c8346ed2bb461"
        },
        "files": [
            "bin/console"
        ]
    },
    "symfony/css-selector": {
        "version": "v4.0.8"
    },
    "symfony/debug-bundle": {
        "version": "6.3",
        "recipe": {
            "repo": "github.com/symfony/recipes",
            "branch": "main",
            "version": "5.3",
            "ref": "5aa8aa48234c8eb6dbdd7b3cd5d791485d2cec4b"
        },
        "files": [
            "config/packages/debug.yaml"
        ]
    },
    "symfony/dependency-injection": {
        "version": "v4.0.8"
    },
    "symfony/deprecation-contracts": {
        "version": "v2.1.2"
    },
    "symfony/doctrine-bridge": {
        "version": "v4.0.8"
    },
    "symfony/doctrine-messenger": {
        "version": "v6.0.8"
    },
    "symfony/dom-crawler": {
        "version": "v4.0.8"
    },
    "symfony/dotenv": {
        "version": "v4.0.8"
    },
    "symfony/error-handler": {
        "version": "v4.4.2"
    },
    "symfony/event-dispatcher": {
        "version": "v4.0.8"
    },
    "symfony/event-dispatcher-contracts": {
        "version": "v1.1.7"
    },
    "symfony/expression-language": {
        "version": "v4.0.8"
    },
    "symfony/filesystem": {
        "version": "v4.0.8"
    },
    "symfony/finder": {
        "version": "v4.0.8"
    },
    "symfony/flex": {
        "version": "2.4",
        "recipe": {
            "repo": "github.com/symfony/recipes",
            "branch": "main",
            "version": "2.4",
            "ref": "52e9754527a15e2b79d9a610f98185a1fe46622a"
        },
        "files": [
            ".env",
            ".env.dev"
        ]
    },
    "symfony/form": {
        "version": "v4.0.8"
    },
    "symfony/framework-bundle": {
        "version": "7.2",
        "recipe": {
            "repo": "github.com/symfony/recipes",
            "branch": "main",
            "version": "7.2",
            "ref": "87bcf6f7c55201f345d8895deda46d2adbdbaa89"
        },
        "files": [
            "config/packages/cache.yaml",
            "config/packages/framework.yaml",
            "config/preload.php",
            "config/routes/framework.yaml",
            "config/services.yaml",
            "public/index.php",
            "src/Controller/.gitignore",
            "src/Kernel.php"
        ]
    },
    "symfony/http-client": {
        "version": "v4.3.0"
    },
    "symfony/http-client-contracts": {
        "version": "v2.0.1"
    },
    "symfony/http-foundation": {
        "version": "v4.0.8"
    },
    "symfony/http-kernel": {
        "version": "v4.0.8"
    },
    "symfony/intl": {
        "version": "v4.0.8"
    },
    "symfony/mailer": {
        "version": "7.2",
        "recipe": {
            "repo": "github.com/symfony/recipes",
            "branch": "main",
            "version": "4.3",
            "ref": "09051cfde49476e3c12cd3a0e44289ace1c75a4f"
        },
        "files": [
            "config/packages/mailer.yaml"
        ]
    },
    "symfony/maker-bundle": {
        "version": "1.0",
        "recipe": {
            "repo": "github.com/symfony/recipes",
            "branch": "master",
            "version": "1.0",
            "ref": "fadbfe33303a76e25cb63401050439aa9b1a9c7f"
        }
    },
    "symfony/messenger": {
        "version": "6.3",
        "recipe": {
            "repo": "github.com/symfony/recipes",
            "branch": "main",
            "version": "6.0",
            "ref": "ba1ac4e919baba5644d31b57a3284d6ba12d52ee"
        },
        "files": [
            "config/packages/messenger.yaml"
        ]
    },
    "symfony/mime": {
        "version": "v4.4.2"
    },
    "symfony/monolog-bridge": {
        "version": "v4.0.8"
    },
    "symfony/monolog-bundle": {
        "version": "3.10",
        "recipe": {
            "repo": "github.com/symfony/recipes",
            "branch": "main",
            "version": "3.7",
            "ref": "aff23899c4440dd995907613c1dd709b6f59503f"
        },
        "files": [
            "config/packages/monolog.yaml"
        ]
    },
    "symfony/notifier": {
        "version": "6.3",
        "recipe": {
            "repo": "github.com/symfony/recipes",
            "branch": "main",
            "version": "5.0",
            "ref": "178877daf79d2dbd62129dd03612cb1a2cb407cc"
        },
        "files": [
            "config/packages/notifier.yaml"
        ]
    },
    "symfony/options-resolver": {
        "version": "v4.0.8"
    },
    "symfony/password-hasher": {
        "version": "v5.3.2"
    },
    "symfony/phpunit-bridge": {
        "version": "7.2",
        "recipe": {
            "repo": "github.com/symfony/recipes",
            "branch": "main",
            "version": "6.3",
            "ref": "a411a0480041243d97382cac7984f7dce7813c08"
        },
        "files": [
            ".env.test",
            "bin/phpunit",
            "phpunit.xml.dist",
            "tests/bootstrap.php"
        ]
    },
    "symfony/polyfill-uuid": {
        "version": "v1.22.0"
    },
    "symfony/process": {
        "version": "v4.0.8"
    },
    "symfony/property-access": {
        "version": "v4.0.8"
    },
    "symfony/property-info": {
        "version": "v4.0.8"
    },
    "symfony/routing": {
        "version": "7.2",
        "recipe": {
            "repo": "github.com/symfony/recipes",
            "branch": "main",
            "version": "7.0",
            "ref": "21b72649d5622d8f7da329ffb5afb232a023619d"
        },
        "files": [
            "config/packages/routing.yaml",
            "config/routes.yaml"
        ]
    },
    "symfony/runtime": {
        "version": "v5.3.2"
    },
    "symfony/security-bundle": {
        "version": "6.3",
        "recipe": {
            "repo": "github.com/symfony/recipes",
            "branch": "main",
            "version": "6.0",
            "ref": "8a5b112826f7d3d5b07027f93786ae11a1c7de48"
        },
        "files": [
            "config/packages/security.yaml"
        ]
    },
    "symfony/security-core": {
        "version": "v4.2.0"
    },
    "symfony/security-csrf": {
        "version": "v4.2.0"
    },
    "symfony/security-http": {
        "version": "v4.2.0"
    },
    "symfony/serializer": {
        "version": "v4.0.8"
    },
    "symfony/service-contracts": {
        "version": "v2.0.1"
    },
    "symfony/stopwatch": {
        "version": "v4.0.8"
    },
    "symfony/string": {
        "version": "v5.0.2"
    },
    "symfony/translation": {
        "version": "6.3",
        "recipe": {
            "repo": "github.com/symfony/recipes",
            "branch": "main",
            "version": "6.3",
            "ref": "64fe617084223633e1dedf9112935d8c95410d3e"
        },
        "files": [
            "config/packages/translation.yaml",
            "translations/.gitignore"
        ]
    },
    "symfony/translation-contracts": {
        "version": "v2.0.1"
    },
    "symfony/twig-bridge": {
        "version": "v4.0.8"
    },
    "symfony/twig-bundle": {
        "version": "6.3",
        "recipe": {
            "repo": "github.com/symfony/recipes",
            "branch": "main",
            "version": "6.3",
            "ref": "b7772eb20e92f3fb4d4fe756e7505b4ba2ca1a2c"
        },
        "files": [
            "config/packages/twig.yaml",
            "templates/base.html.twig"
        ]
    },
    "symfony/uid": {
        "version": "v5.2.3"
    },
    "symfony/ux-twig-component": {
        "version": "2.21",
        "recipe": {
            "repo": "github.com/symfony/recipes",
            "branch": "main",
            "version": "2.13",
            "ref": "67814b5f9794798b885cec9d3f48631424449a01"
        },
        "files": [
            "./config/packages/twig_component.yaml"
        ]
    },
    "symfony/validator": {
        "version": "v4.0.8"
    },
    "symfony/var-dumper": {
        "version": "v4.0.8"
    },
    "symfony/var-exporter": {
        "version": "v4.2.0"
    },
    "symfony/web-link": {
        "version": "v4.0.8"
    },
    "symfony/web-profiler-bundle": {
        "version": "6.3",
        "recipe": {
            "repo": "github.com/symfony/recipes",
            "branch": "main",
            "version": "6.1",
            "ref": "e42b3f0177df239add25373083a564e5ead4e13a"
        },
        "files": [
            "config/packages/web_profiler.yaml",
            "config/routes/web_profiler.yaml"
        ]
    },
    "symfony/webpack-encore-bundle": {
        "version": "2.0",
        "recipe": {
            "repo": "github.com/symfony/recipes",
            "branch": "main",
            "version": "2.0",
            "ref": "082d754b3bd54b3fc669f278f1eea955cfd23cf5"
        },
        "files": [
            "assets/app.js",
            "assets/styles/app.css",
            "config/packages/webpack_encore.yaml",
            "package.json",
            "webpack.config.js"
        ]
    },
    "symfony/yaml": {
        "version": "v4.0.8"
    },
    "theseer/tokenizer": {
        "version": "1.2.0"
    },
    "tufanbarisyildirim/php-apk-parser": {
        "version": "dev-master"
    },
    "twig/extra-bundle": {
        "version": "v3.0.0"
    },
    "twig/twig": {
        "version": "v2.4.8"
    },
    "vich/uploader-bundle": {
        "version": "2.2",
        "recipe": {
            "repo": "github.com/symfony/recipes-contrib",
            "branch": "main",
            "version": "1.13",
            "ref": "1b3064c2f6b255c2bc2f56461aaeb76b11e07e36"
        },
        "files": [
            "./config/packages/vich_uploader.yaml"
        ]
    },
    "webmozart/assert": {
        "version": "1.3.0"
    },
    "willdurand/jsonp-callback-validator": {
        "version": "v1.1.0"
    }
}
